
Microsoft Visual Studio Solution File, Format Version 12.00
# Visual Studio Version 17
VisualStudioVersion = 17.0.32014.148
MinimumVisualStudioVersion = 10.0.40219.1
Project("{9A19103F-16F7-4668-BE54-9A1E7A4F7556}") = "Ecommerce.Host", "Ecommerce\Ecommerce.Host.csproj", "{8AB5370B-431E-4F6B-95C2-3AC4EA6B97A5}"
EndProject
Project("{9A19103F-16F7-4668-BE54-9A1E7A4F7556}") = "Ecommerce.EntityFramwork", "Ecommerce.EntityFramwork\Ecommerce.EntityFramwork.csproj", "{35C9F59F-816A-481F-AB1B-BD9473C8A03D}"
EndProject
Project("{9A19103F-16F7-4668-BE54-9A1E7A4F7556}") = "Ecommerce.Core", "Ecommerce.Core\Ecommerce.Core.csproj", "{EC61838B-A94F-44F0-B622-1FC26B142433}"
EndProject
Project("{9A19103F-16F7-4668-BE54-9A1E7A4F7556}") = "Ecommerce.Application.Shared", "Ecommerce.Application.Shared\Ecommerce.Application.Shared.csproj", "{C5095076-3AA6-45FC-9B8C-03C4E12066E7}"
EndProject
Project("{9A19103F-16F7-4668-BE54-9A1E7A4F7556}") = "Ecommerce.Application", "Ecommerce.Application\Ecommerce.Application.csproj", "{97E51CB1-659C-4D5A-A41B-684C1507C3AA}"
EndProject
Project("{9A19103F-16F7-4668-BE54-9A1E7A4F7556}") = "Ecommerce.Core.Shared", "Ecommerce.Core.Shared\Ecommerce.Core.Shared.csproj", "{494E7A7D-D4C7-4E54-A60E-2849059AD162}"
EndProject
Global
	GlobalSection(SolutionConfigurationPlatforms) = preSolution
		Debug|Any CPU = Debug|Any CPU
		Release|Any CPU = Release|Any CPU
	EndGlobalSection
	GlobalSection(ProjectConfigurationPlatforms) = postSolution
		{8AB5370B-431E-4F6B-95C2-3AC4EA6B97A5}.Debug|Any CPU.ActiveCfg = Debug|Any CPU
		{8AB5370B-431E-4F6B-95C2-3AC4EA6B97A5}.Debug|Any CPU.Build.0 = Debug|Any CPU
		{8AB5370B-431E-4F6B-95C2-3AC4EA6B97A5}.Release|Any CPU.ActiveCfg = Release|Any CPU
		{8AB5370B-431E-4F6B-95C2-3AC4EA6B97A5}.Release|Any CPU.Build.0 = Release|Any CPU
		{35C9F59F-816A-481F-AB1B-BD9473C8A03D}.Debug|Any CPU.ActiveCfg = Debug|Any CPU
		{35C9F59F-816A-481F-AB1B-BD9473C8A03D}.Debug|Any CPU.Build.0 = Debug|Any CPU
		{35C9F59F-816A-481F-AB1B-BD9473C8A03D}.Release|Any CPU.ActiveCfg = Release|Any CPU
		{35C9F59F-816A-481F-AB1B-BD9473C8A03D}.Release|Any CPU.Build.0 = Release|Any CPU
		{EC61838B-A94F-44F0-B622-1FC26B142433}.Debug|Any CPU.ActiveCfg = Debug|Any CPU
		{EC61838B-A94F-44F0-B622-1FC26B142433}.Debug|Any CPU.Build.0 = Debug|Any CPU
		{EC61838B-A94F-44F0-B622-1FC26B142433}.Release|Any CPU.ActiveCfg = Release|Any CPU
		{EC61838B-A94F-44F0-B622-1FC26B142433}.Release|Any CPU.Build.0 = Release|Any CPU
		{C5095076-3AA6-45FC-9B8C-03C4E12066E7}.Debug|Any CPU.ActiveCfg = Debug|Any CPU
		{C5095076-3AA6-45FC-9B8C-03C4E12066E7}.Debug|Any CPU.Build.0 = Debug|Any CPU
		{C5095076-3AA6-45FC-9B8C-03C4E12066E7}.Release|Any CPU.ActiveCfg = Release|Any CPU
		{C5095076-3AA6-45FC-9B8C-03C4E12066E7}.Release|Any CPU.Build.0 = Release|Any CPU
		{97E51CB1-659C-4D5A-A41B-684C1507C3AA}.Debug|Any CPU.ActiveCfg = Debug|Any CPU
		{97E51CB1-659C-4D5A-A41B-684C1507C3AA}.Debug|Any CPU.Build.0 = Debug|Any CPU
		{97E51CB1-659C-4D5A-A41B-684C1507C3AA}.Release|Any CPU.ActiveCfg = Release|Any CPU
		{97E51CB1-659C-4D5A-A41B-684C1507C3AA}.Release|Any CPU.Build.0 = Release|Any CPU
		{494E7A7D-D4C7-4E54-A60E-2849059AD162}.Debug|Any CPU.ActiveCfg = Debug|Any CPU
		{494E7A7D-D4C7-4E54-A60E-2849059AD162}.Debug|Any CPU.Build.0 = Debug|Any CPU
		{494E7A7D-D4C7-4E54-A60E-2849059AD162}.Release|Any CPU.ActiveCfg = Release|Any CPU
		{494E7A7D-D4C7-4E54-A60E-2849059AD162}.Release|Any CPU.Build.0 = Release|Any CPU
	EndGlobalSection
	GlobalSection(SolutionProperties) = preSolution
		HideSolutionNode = FALSE
	EndGlobalSection
	GlobalSection(ExtensibilityGlobals) = postSolution
		SolutionGuid = {2B4C50D2-1336-443E-B26E-1E08F7A50EEA}
	EndGlobalSection
EndGlobal
